// !$*UTF8*$!
{
	archiveVersion = 1;
	classes = {
	};
	objectVersion = 77;
	objects = {

/* Begin PBXBuildFile section */
		F1706B662FC5DBA600D3C6C1 /* ICherriProtocol in Frameworks */ = {isa = PBXBuildFile; productRef = F1706B652FC5DBA600D3C6C1 /* ICherriProtocol */; };
		F1706B662FC5DBA600D3C6C2 /* ICherriCore in Frameworks */ = {isa = PBXBuildFile; productRef = F1706B652FC5DBA600D3C6C2 /* ICherriCore */; };
		F1706B662FC5DBA600D3C6C3 /* ICherriDesignSystem in Frameworks */ = {isa = PBXBuildFile; productRef = F1706B652FC5DBA600D3C6C3 /* ICherriDesignSystem */; };
/* End PBXBuildFile section */

/* Begin PBXContainerItemProxy section */
		F1706BAA2FC5DBEA00D3C6C7 /* PBXContainerItemProxy */ = {
			isa = PBXContainerItemProxy;
			containerPortal = F1706B912FC5DBE900D3C6C7 /* Project object */;
			proxyType = 1;
			remoteGlobalIDString = F1706B982FC5DBE900D3C6C7;
			remoteInfo = "iCherri-ios";
		};
		F1706BB42FC5DBEA00D3C6C7 /* PBXContainerItemProxy */ = {
			isa = PBXContainerItemProxy;
			containerPortal = F1706B912FC5DBE900D3C6C7 /* Project object */;
			proxyType = 1;
			remoteGlobalIDString = F1706B982FC5DBE900D3C6C7;
			remoteInfo = "iCherri-ios";
		};
/* End PBXContainerItemProxy section */

/* Begin PBXFileReference section */
		F1706B992FC5DBE900D3C6C7 /* iCherri-ios.app */ = {isa = PBXFileReference; explicitFileType = wrapper.application; includeInIndex = 0; path = "iCherri-ios.app"; sourceTree = BUILT_PRODUCTS_DIR; };
		F1706BA92FC5DBEA00D3C6C7 /* iCherri-iosTests.xctest */ = {isa = PBXFileReference; explicitFileType = wrapper.cfbundle; includeInIndex = 0; path = "iCherri-iosTests.xctest"; sourceTree = BUILT_PRODUCTS_DIR; };
		F1706BB32FC5DBEA00D3C6C7 /* iCherri-iosUITests.xctest */ = {isa = PBXFileReference; explicitFileType = wrapper.cfbundle; includeInIndex = 0; path = "iCherri-iosUITests.xctest"; sourceTree = BUILT_PRODUCTS_DIR; };
/* End PBXFileReference section */

/* Begin PBXFileSystemSynchronizedRootGroup section */
		F1706B9B2FC5DBE900D3C6C7 /* iCherri-ios */ = {
			isa = PBXFileSystemSynchronizedRootGroup;
			path = "iCherri-ios";
			sourceTree = "<group>";
		};
		F1706B9C2FC5DBE900D3C6C7 /* Platform */ = {
			isa = PBXFileSystemSynchronizedRootGroup;
			path = Platform;
			sourceTree = "<group>";
		};
		F1706B9D2FC5DBE900D3C6C7 /* Features */ = {
			isa = PBXFileSystemSynchronizedRootGroup;
			path = Features;
			sourceTree = "<group>";
		};
		F1706BAC2FC5DBEA00D3C6C7 /* iCherri-iosTests */ = {
			isa = PBXFileSystemSynchronizedRootGroup;
			path = "iCherri-iosTests";
			sourceTree = "<group>";
		};
		F1706BB62FC5DBEA00D3C6C7 /* iCherri-iosUITests */ = {
			isa = PBXFileSystemSynchronizedRootGroup;
			path = "iCherri-iosUITests";
			sourceTree = "<group>";
		};
/* End PBXFileSystemSynchronizedRootGroup section */

/* Begin PBXFrameworksBuildPhase section */
		F1706B962FC5DBE900D3C6C7 /* Frameworks */ = {
			isa = PBXFrameworksBuildPhase;
			buildActionMask = 2147483647;
			files = (
				F1706B662FC5DBA600D3C6C1 /* ICherriProtocol in Frameworks */,
				F1706B662FC5DBA600D3C6C2 /* ICherriCore in Frameworks */,
				F1706B662FC5DBA600D3C6C3 /* ICherriDesignSystem in Frameworks */,
			);
			runOnlyForDeploymentPostprocessing = 0;
		};
		F1706BA62FC5DBEA00D3C6C7 /* Frameworks */ = {
			isa = PBXFrameworksBuildPhase;
			buildActionMask = 2147483647;
			files = (
			);
			runOnlyForDeploymentPostprocessing = 0;
		};
		F1706BB02FC5DBEA00D3C6C7 /* Frameworks */ = {
			isa = PBXFrameworksBuildPhase;
			buildActionMask = 2147483647;
			files = (
			);
			runOnlyForDeploymentPostprocessing = 0;
		};
/* End PBXFrameworksBuildPhase section */

/* Begin PBXGroup section */
		F1706B902FC5DBE900D3C6C7 = {
			isa = PBXGroup;
			children = (
				F1706B9B2FC5DBE900D3C6C7 /* iCherri-ios */,
				F1706B9C2FC5DBE900D3C6C7 /* Platform */,
				F1706B9D2FC5DBE900D3C6C7 /* Features */,
				F1706BAC2FC5DBEA00D3C6C7 /* iCherri-iosTests */,
				F1706BB62FC5DBEA00D3C6C7 /* iCherri-iosUITests */,
				F1706B9A2FC5DBE900D3C6C7 /* Products */,
			);
			sourceTree = "<group>";
		};
		F1706B9A2FC5DBE900D3C6C7 /* Products */ = {
			isa = PBXGroup;
			children = (
				F1706B992FC5DBE900D3C6C7 /* iCherri-ios.app */,
				F1706BA92FC5DBEA00D3C6C7 /* iCherri-iosTests.xctest */,
				F1706BB32FC5DBEA00D3C6C7 /* iCherri-iosUITests.xctest */,
			);
			name = Products;
			sourceTree = "<group>";
		};
/* End PBXGroup section */

/* Begin PBXNativeTarget section */
		F1706B982FC5DBE900D3C6C7 /* iCherri-ios */ = {
			isa = PBXNativeTarget;
			buildConfigurationList = F1706BBD2FC5DBEA00D3C6C7 /* Build configuration list for PBXNativeTarget "iCherri-ios" */;
			buildPhases = (
				F1706B952FC5DBE900D3C6C7 /* Sources */,
				F1706B962FC5DBE900D3C6C7 /* Frameworks */,
				F1706B972FC5DBE900D3C6C7 /* Resources */,
			);
			buildRules = (
			);
			dependencies = (
			);
			fileSystemSynchronizedGroups = (
				F1706B9B2FC5DBE900D3C6C7 /* iCherri-ios */,
				F1706B9C2FC5DBE900D3C6C7 /* Platform */,
				F1706B9D2FC5DBE900D3C6C7 /* Features */,
			);
			name = "iCherri-ios";
			packageProductDependencies = (
				F1706B652FC5DBA600D3C6C1 /* ICherriProtocol */,
				F1706B652FC5DBA600D3C6C2 /* ICherriCore */,
				F1706B652FC5DBA600D3C6C3 /* ICherriDesignSystem */,
			);
			productName = "iCherri-ios";
			productReference = F1706B992FC5DBE900D3C6C7 /* iCherri-ios.app */;
			productType = "com.apple.product-type.application";
		};
		F1706BA82FC5DBEA00D3C6C7 /* iCherri-iosTests */ = {
			isa = PBXNativeTarget;
			buildConfigurationList = F1706BC02FC5DBEA00D3C6C7 /* Build configuration list for PBXNativeTarget "iCherri-iosTests" */;
			buildPhases = (
				F1706BA52FC5DBEA00D3C6C7 /* Sources */,
				F1706BA62FC5DBEA00D3C6C7 /* Frameworks */,
				F1706BA72FC5DBEA00D3C6C7 /* Resources */,
			);
			buildRules = (
			);
			dependencies = (
				F1706BAB2FC5DBEA00D3C6C7 /* PBXTargetDependency */,
			);
			fileSystemSynchronizedGroups = (
				F1706BAC2FC5DBEA00D3C6C7 /* iCherri-iosTests */,
			);
			name = "iCherri-iosTests";
			packageProductDependencies = (
			);
			productName = "iCherri-iosTests";
			productReference = F1706BA92FC5DBEA00D3C6C7 /* iCherri-iosTests.xctest */;
			productType = "com.apple.product-type.bundle.unit-test";
		};
		F1706BB22FC5DBEA00D3C6C7 /* iCherri-iosUITests */ = {
			isa = PBXNativeTarget;
			buildConfigurationList = F1706BC32FC5DBEA00D3C6C7 /* Build configuration list for PBXNativeTarget "iCherri-iosUITests" */;
			buildPhases = (
				F1706BAF2FC5DBEA00D3C6C7 /* Sources */,
				F1706BB02FC5DBEA00D3C6C7 /* Frameworks */,
				F1706BB12FC5DBEA00D3C6C7 /* Resources */,
			);
			buildRules = (
			);
			dependencies = (
				F1706BB52FC5DBEA00D3C6C7 /* PBXTargetDependency */,
			);
			fileSystemSynchronizedGroups = (
				F1706BB62FC5DBEA00D3C6C7 /* iCherri-iosUITests */,
			);
			name = "iCherri-iosUITests";
			packageProductDependencies = (
			);
			productName = "iCherri-iosUITests";
			productReference = F1706BB32FC5DBEA00D3C6C7 /* iCherri-iosUITests.xctest */;
			productType = "com.apple.product-type.bundle.ui-testing";
		};
/* End PBXNativeTarget section */

/* Begin PBXProject section */
		F1706B912FC5DBE900D3C6C7 /* Project object */ = {
			isa = PBXProject;
			attributes = {
				BuildIndependentTargetsInParallel = 1;
				LastSwiftUpdateCheck = 1620;
				LastUpgradeCheck = 1620;
				TargetAttributes = {
					F1706B982FC5DBE900D3C6C7 = {
						CreatedOnToolsVersion = 16.2;
					};
					F1706BA82FC5DBEA00D3C6C7 = {
						CreatedOnToolsVersion = 16.2;
						TestTargetID = F1706B982FC5DBE900D3C6C7;
					};
					F1706BB22FC5DBEA00D3C6C7 = {
						CreatedOnToolsVersion = 16.2;
						TestTargetID = F1706B982FC5DBE900D3C6C7;
					};
				};
			};
			buildConfigurationList = F1706B942FC5DBE900D3C6C7 /* Build configuration list for PBXProject "iCherri-ios" */;
			developmentRegion = en;
			hasScannedForEncodings = 0;
			knownRegions = (
				en,
				Base,
			);
			mainGroup = F1706B902FC5DBE900D3C6C7;
			minimizedProjectReferenceProxies = 1;
			preferredProjectObjectVersion = 77;
			productRefGroup = F1706B9A2FC5DBE900D3C6C7 /* Products */;
			projectDirPath = "";
			projectRoot = "";
			targets = (
				F1706B982FC5DBE900D3C6C7 /* iCherri-ios */,
				F1706BA82FC5DBEA00D3C6C7 /* iCherri-iosTests */,
				F1706BB22FC5DBEA00D3C6C7 /* iCherri-iosUITests */,
			);
			packageReferences = (
				F1706B622FC5DBA500D3C6C1 /* XCLocalSwiftPackageReference "ICherriProtocol" */,
				F1706B622FC5DBA500D3C6C2 /* XCLocalSwiftPackageReference "ICherriCore" */,
				F1706B622FC5DBA500D3C6C3 /* XCLocalSwiftPackageReference "ICherriDesignSystem" */,
			);
		};
/* End PBXProject section */

/* Begin XCLocalSwiftPackageReference section */
		F1706B622FC5DBA500D3C6C1 /* XCLocalSwiftPackageReference "ICherriProtocol" */ = {
			isa = XCLocalSwiftPackageReference;
			relativePath = ../../packages/ICherriProtocol;
		};
		F1706B622FC5DBA500D3C6C2 /* XCLocalSwiftPackageReference "ICherriCore" */ = {
			isa = XCLocalSwiftPackageReference;
			relativePath = ../../packages/ICherriCore;
		};
		F1706B622FC5DBA500D3C6C3 /* XCLocalSwiftPackageReference "ICherriDesignSystem" */ = {
			isa = XCLocalSwiftPackageReference;
			relativePath = ../../packages/ICherriDesignSystem;
		};
/* End XCLocalSwiftPackageReference section */

/* Begin XCSwiftPackageProductDependency section */
		F1706B652FC5DBA600D3C6C1 /* ICherriProtocol */ = {
			isa = XCSwiftPackageProductDependency;
			package = F1706B622FC5DBA500D3C6C1 /* XCLocalSwiftPackageReference "ICherriProtocol" */;
			productName = "ICherriProtocol";
		};
		F1706B652FC5DBA600D3C6C2 /* ICherriCore */ = {
			isa = XCSwiftPackageProductDependency;
			package = F1706B622FC5DBA500D3C6C2 /* XCLocalSwiftPackageReference "ICherriCore" */;
			productName = "ICherriCore";
		};
		F1706B652FC5DBA600D3C6C3 /* ICherriDesignSystem */ = {
			isa = XCSwiftPackageProductDependency;
			package = F1706B622FC5DBA500D3C6C3 /* XCLocalSwiftPackageReference "ICherriDesignSystem" */;
			productName = "ICherriDesignSystem";
		};
/* End XCSwiftPackageProductDependency section */

/* Begin PBXResourcesBuildPhase section */
		F1706B972FC5DBE900D3C6C7 /* Resources */ = {
			isa = PBXResourcesBuildPhase;
			buildActionMask = 2147483647;
			files = (
			);
			runOnlyForDeploymentPostprocessing = 0;
		};
		F1706BA72FC5DBEA00D3C6C7 /* Resources */ = {
			isa = PBXResourcesBuildPhase;
			buildActionMask = 2147483647;
			files = (
			);
			runOnlyForDeploymentPostprocessing = 0;
		};
		F1706BB12FC5DBEA00D3C6C7 /* Resources */ = {
			isa = PBXResourcesBuildPhase;
			buildActionMask = 2147483647;
			files = (
			);
			runOnlyForDeploymentPostprocessing = 0;
		};
/* End PBXResourcesBuildPhase section */

/* Begin PBXSourcesBuildPhase section */
		F1706B952FC5DBE900D3C6C7 /* Sources */ = {
			isa = PBXSourcesBuildPhase;
			buildActionMask = 2147483647;
			files = (
			);
			runOnlyForDeploymentPostprocessing = 0;
		};
		F1706BA52FC5DBEA00D3C6C7 /* Sources */ = {
			isa = PBXSourcesBuildPhase;
			buildActionMask = 2147483647;
			files = (
			);
			runOnlyForDeploymentPostprocessing = 0;
		};
		F1706BAF2FC5DBEA00D3C6C7 /* Sources */ = {
			isa = PBXSourcesBuildPhase;
			buildActionMask = 2147483647;
			files = (
			);
			runOnlyForDeploymentPostprocessing = 0;
		};
/* End PBXSourcesBuildPhase section */

/* Begin PBXTargetDependency section */
		F1706BAB2FC5DBEA00D3C6C7 /* PBXTargetDependency */ = {
			isa = PBXTargetDependency;
			target = F1706B982FC5DBE900D3C6C7 /* iCherri-ios */;
			targetProxy = F1706BAA2FC5DBEA00D3C6C7 /* PBXContainerItemProxy */;
		};
		F1706BB52FC5DBEA00D3C6C7 /* PBXTargetDependency */ = {
			isa = PBXTargetDependency;
			target = F1706B982FC5DBE900D3C6C7 /* iCherri-ios */;
			targetProxy = F1706BB42FC5DBEA00D3C6C7 /* PBXContainerItemProxy */;
		};
/* End PBXTargetDependency section */

/* Begin XCBuildConfiguration section */
		F1706BBB2FC5DBEA00D3C6C7 /* Debug */ = {
			isa = XCBuildConfiguration;
			buildSettings = {
				ALWAYS_SEARCH_USER_PATHS = NO;
				ASSETCATALOG_COMPILER_GENERATE_SWIFT_ASSET_SYMBOL_EXTENSIONS = YES;
				CLANG_ANALYZER_NONNULL = YES;
				CLANG_ANALYZER_NUMBER_OBJECT_CONVERSION = YES_AGGRESSIVE;
				CLANG_CXX_LANGUAGE_STANDARD = "gnu++20";
				CLANG_ENABLE_MODULES = YES;
				CLANG_ENABLE_OBJC_ARC = YES;
				CLANG_ENABLE_OBJC_WEAK = YES;
				CLANG_WARN_BLOCK_CAPTURE_AUTORELEASING = YES;
				CLANG_WARN_BOOL_CONVERSION = YES;
				CLANG_WARN_COMMA = YES;
				CLANG_WARN_CONSTANT_CONVERSION = YES;
				CLANG_WARN_DEPRECATED_OBJC_IMPLEMENTATIONS = YES;
				CLANG_WARN_DIRECT_OBJC_ISA_USAGE = YES_ERROR;
				CLANG_WARN_DOCUMENTATION_COMMENTS = YES;
				CLANG_WARN_EMPTY_BODY = YES;
				CLANG_WARN_ENUM_CONVERSION = YES;
				CLANG_WARN_INFINITE_RECURSION = YES;
				CLANG_WARN_INT_CONVERSION = YES;
				CLANG_WARN_NON_LITERAL_NULL_CONVERSION = YES;
				CLANG_WARN_OBJC_IMPLICIT_RETAIN_SELF = YES;
				CLANG_WARN_OBJC_LITERAL_CONVERSION = YES;
				CLANG_WARN_OBJC_ROOT_CLASS = YES_ERROR;
				CLANG_WARN_QUOTED_INCLUDE_IN_FRAMEWORK_HEADER = YES;
				CLANG_WARN_RANGE_LOOP_ANALYSIS = YES;
				CLANG_WARN_STRICT_PROTOTYPES = YES;
				CLANG_WARN_SUSPICIOUS_MOVE = YES;
				CLANG_WARN_UNGUARDED_AVAILABILITY = YES_AGGRESSIVE;
				CLANG_WARN_UNREACHABLE_CODE = YES;
				CLANG_WARN__DUPLICATE_METHOD_MATCH = YES;
				COPY_PHASE_STRIP = NO;
				DEBUG_INFORMATION_FORMAT = dwarf;
				ENABLE_STRICT_OBJC_MSGSEND = YES;
				ENABLE_TESTABILITY = YES;
				ENABLE_USER_SCRIPT_SANDBOXING = YES;
				GCC_C_LANGUAGE_STANDARD = gnu17;
				GCC_DYNAMIC_NO_PIC = NO;
				GCC_NO_COMMON_BLOCKS = YES;
				GCC_OPTIMIZATION_LEVEL = 0;
				GCC_PREPROCESSOR_DEFINITIONS = (
					"DEBUG=1",
					"$(inherited)",
				);
				GCC_WARN_64_TO_32_BIT_CONVERSION = YES;
				GCC_WARN_ABOUT_RETURN_TYPE = YES_ERROR;
				GCC_WARN_UNDECLARED_SELECTOR = YES;
				GCC_WARN_UNINITIALIZED_AUTOS = YES_AGGRESSIVE;
				GCC_WARN_UNUSED_FUNCTION = YES;
				GCC_WARN_UNUSED_VARIABLE = YES;
				IPHONEOS_DEPLOYMENT_TARGET = 16.0;
				LOCALIZATION_PREFERS_STRING_CATALOGS = YES;
				MTL_ENABLE_DEBUG_INFO = INCLUDE_SOURCE;
				MTL_FAST_MATH = YES;
				ONLY_ACTIVE_ARCH = YES;
				SDKROOT = iphoneos;
				SWIFT_ACTIVE_COMPILATION_CONDITIONS = "DEBUG $(inherited)";
				SWIFT_OPTIMIZATION_LEVEL = "-Onone";
			};
			name = Debug;
		};
		F1706BBC2FC5DBEA00D3C6C7 /* Release */ = {
			isa = XCBuildConfiguration;
			buildSettings = {
				ALWAYS_SEARCH_USER_PATHS = NO;
				ASSETCATALOG_COMPILER_GENERATE_SWIFT_ASSET_SYMBOL_EXTENSIONS = YES;
				CLANG_ANALYZER_NONNULL = YES;
				CLANG_ANALYZER_NUMBER_OBJECT_CONVERSION = YES_AGGRESSIVE;
				CLANG_CXX_LANGUAGE_STANDARD = "gnu++20";
				CLANG_ENABLE_MODULES = YES;
				CLANG_ENABLE_OBJC_ARC = YES;
				CLANG_ENABLE_OBJC_WEAK = YES;
				CLANG_WARN_BLOCK_CAPTURE_AUTORELEASING = YES;
				CLANG_WARN_BOOL_CONVERSION = YES;
				CLANG_WARN_COMMA = YES;
				CLANG_WARN_CONSTANT_CONVERSION = YES;
				CLANG_WARN_DEPRECATED_OBJC_IMPLEMENTATIONS = YES;
				CLANG_WARN_DIRECT_OBJC_ISA_USAGE = YES_ERROR;
				CLANG_WARN_DOCUMENTATION_COMMENTS = YES;
				CLANG_WARN_EMPTY_BODY = YES;
				CLANG_WARN_ENUM_CONVERSION = YES;
				CLANG_WARN_INFINITE_RECURSION = YES;
				CLANG_WARN_INT_CONVERSION = YES;
				CLANG_WARN_NON_LITERAL_NULL_CONVERSION = YES;
				CLANG_WARN_OBJC_IMPLICIT_RETAIN_SELF = YES;
				CLANG_WARN_OBJC_LITERAL_CONVERSION = YES;
				CLANG_WARN_OBJC_ROOT_CLASS = YES_ERROR;
				CLANG_WARN_QUOTED_INCLUDE_IN_FRAMEWORK_HEADER = YES;
				CLANG_WARN_RANGE_LOOP_ANALYSIS = YES;
				CLANG_WARN_STRICT_PROTOTYPES = YES;
				CLANG_WARN_SUSPICIOUS_MOVE = YES;
				CLANG_WARN_UNGUARDED_AVAILABILITY = YES_AGGRESSIVE;
				CLANG_WARN_UNREACHABLE_CODE = YES;
				CLANG_WARN__DUPLICATE_METHOD_MATCH = YES;
				COPY_PHASE_STRIP = NO;
				DEBUG_INFORMATION_FORMAT = "dwarf-with-dsym";
				ENABLE_NS_ASSERTIONS = NO;
				ENABLE_STRICT_OBJC_MSGSEND = YES;
				ENABLE_USER_SCRIPT_SANDBOXING = YES;
				GCC_C_LANGUAGE_STANDARD = gnu17;
				GCC_NO_COMMON_BLOCKS = YES;
				GCC_WARN_64_TO_32_BIT_CONVERSION = YES;
				GCC_WARN_ABOUT_RETURN_TYPE = YES_ERROR;
				GCC_WARN_UNDECLARED_SELECTOR = YES;
				GCC_WARN_UNINITIALIZED_AUTOS = YES_AGGRESSIVE;
				GCC_WARN_UNUSED_FUNCTION = YES;
				GCC_WARN_UNUSED_VARIABLE = YES;
				IPHONEOS_DEPLOYMENT_TARGET = 16.0;
				LOCALIZATION_PREFERS_STRING_CATALOGS = YES;
				MTL_ENABLE_DEBUG_INFO = NO;
				MTL_FAST_MATH = YES;
				SDKROOT = iphoneos;
				SWIFT_COMPILATION_MODE = wholemodule;
				VALIDATE_PRODUCT = YES;
			};
			name = Release;
		};
		F1706BBE2FC5DBEA00D3C6C7 /* Debug */ = {
			isa = XCBuildConfiguration;
			buildSettings = {
				ASSETCATALOG_COMPILER_APPICON_NAME = AppIcon;
				ASSETCATALOG_COMPILER_GLOBAL_ACCENT_COLOR_NAME = AccentColor;
				CODE_SIGN_STYLE = Automatic;
				CURRENT_PROJECT_VERSION = 1;
				DEVELOPMENT_ASSET_PATHS = "\"iCherri-ios/Preview Content\"";
				DEVELOPMENT_TEAM = YT877V7NX4;
				ENABLE_PREVIEWS = YES;
				GENERATE_INFOPLIST_FILE = YES;
				INFOPLIST_FILE = "Info.plist";
				INFOPLIST_KEY_UIApplicationSceneManifest_Generation = YES;
				INFOPLIST_KEY_UIApplicationSupportsIndirectInputEvents = YES;
				INFOPLIST_KEY_UILaunchScreen_Generation = YES;
				INFOPLIST_KEY_UISupportedInterfaceOrientations_iPad = "UIInterfaceOrientationPortrait UIInterfaceOrientationPortraitUpsideDown UIInterfaceOrientationLandscapeLeft UIInterfaceOrientationLandscapeRight";
				INFOPLIST_KEY_UISupportedInterfaceOrientations_iPhone = "UIInterfaceOrientationPortrait UIInterfaceOrientationLandscapeLeft UIInterfaceOrientationLandscapeRight";
				LD_RUNPATH_SEARCH_PATHS = (
					"$(inherited)",
					"@executable_path/Frameworks",
				);
				MARKETING_VERSION = 1.0;
				PRODUCT_BUNDLE_IDENTIFIER = "com.yangeok.iCherri-ios";
				PRODUCT_NAME = "$(TARGET_NAME)";
				SWIFT_EMIT_LOC_STRINGS = YES;
				SWIFT_VERSION = 5.0;
				TARGETED_DEVICE_FAMILY = "1,2";
			};
			name = Debug;
		};
		F1706BBF2FC5DBEA00D3C6C7 /* Release */ = {
			isa = XCBuildConfiguration;
			buildSettings = {
				ASSETCATALOG_COMPILER_APPICON_NAME = AppIcon;
				ASSETCATALOG_COMPILER_GLOBAL_ACCENT_COLOR_NAME = AccentColor;
				CODE_SIGN_STYLE = Automatic;
				CURRENT_PROJECT_VERSION = 1;
				DEVELOPMENT_ASSET_PATHS = "\"iCherri-ios/Preview Content\"";
				DEVELOPMENT_TEAM = YT877V7NX4;
				ENABLE_PREVIEWS = YES;
				GENERATE_INFOPLIST_FILE = YES;
				INFOPLIST_FILE = "Info.plist";
				INFOPLIST_KEY_UIApplicationSceneManifest_Generation = YES;
				INFOPLIST_KEY_UIApplicationSupportsIndirectInputEvents = YES;
				INFOPLIST_KEY_UILaunchScreen_Generation = YES;
				INFOPLIST_KEY_UISupportedInterfaceOrientations_iPad = "UIInterfaceOrientationPortrait UIInterfaceOrientationPortraitUpsideDown UIInterfaceOrientationLandscapeLeft UIInterfaceOrientationLandscapeRight";
				INFOPLIST_KEY_UISupportedInterfaceOrientations_iPhone = "UIInterfaceOrientationPortrait UIInterfaceOrientationLandscapeLeft UIInterfaceOrientationLandscapeRight";
				LD_RUNPATH_SEARCH_PATHS = (
					"$(inherited)",
					"@executable_path/Frameworks",
				);
				MARKETING_VERSION = 1.0;
				PRODUCT_BUNDLE_IDENTIFIER = "com.yangeok.iCherri-ios";
				PRODUCT_NAME = "$(TARGET_NAME)";
				SWIFT_EMIT_LOC_STRINGS = YES;
				SWIFT_VERSION = 5.0;
				TARGETED_DEVICE_FAMILY = "1,2";
			};
			name = Release;
		};
		F1706BC12FC5DBEA00D3C6C7 /* Debug */ = {
			isa = XCBuildConfiguration;
			buildSettings = {
				BUNDLE_LOADER = "$(TEST_HOST)";
				CODE_SIGN_STYLE = Automatic;
				CURRENT_PROJECT_VERSION = 1;
				DEVELOPMENT_TEAM = YT877V7NX4;
				GENERATE_INFOPLIST_FILE = YES;
				IPHONEOS_DEPLOYMENT_TARGET = 16.0;
				MARKETING_VERSION = 1.0;
				PRODUCT_BUNDLE_IDENTIFIER = "com.yangeok.iCherri-iosTests";
				PRODUCT_NAME = "$(TARGET_NAME)";
				SWIFT_EMIT_LOC_STRINGS = NO;
				SWIFT_VERSION = 5.0;
				TARGETED_DEVICE_FAMILY = "1,2";
				TEST_HOST = "$(BUILT_PRODUCTS_DIR)/iCherri-ios.app/$(BUNDLE_EXECUTABLE_FOLDER_PATH)/iCherri-ios";
			};
			name = Debug;
		};
		F1706BC22FC5DBEA00D3C6C7 /* Release */ = {
			isa = XCBuildConfiguration;
			buildSettings = {
				BUNDLE_LOADER = "$(TEST_HOST)";
				CODE_SIGN_STYLE = Automatic;
				CURRENT_PROJECT_VERSION = 1;
				DEVELOPMENT_TEAM = YT877V7NX4;
				GENERATE_INFOPLIST_FILE = YES;
				IPHONEOS_DEPLOYMENT_TARGET = 16.0;
				MARKETING_VERSION = 1.0;
				PRODUCT_BUNDLE_IDENTIFIER = "com.yangeok.iCherri-iosTests";
				PRODUCT_NAME = "$(TARGET_NAME)";
				SWIFT_EMIT_LOC_STRINGS = NO;
				SWIFT_VERSION = 5.0;
				TARGETED_DEVICE_FAMILY = "1,2";
				TEST_HOST = "$(BUILT_PRODUCTS_DIR)/iCherri-ios.app/$(BUNDLE_EXECUTABLE_FOLDER_PATH)/iCherri-ios";
			};
			name = Release;
		};
		F1706BC42FC5DBEA00D3C6C7 /* Debug */ = {
			isa = XCBuildConfiguration;
			buildSettings = {
				CODE_SIGN_STYLE = Automatic;
				CURRENT_PROJECT_VERSION = 1;
				DEVELOPMENT_TEAM = YT877V7NX4;
				GENERATE_INFOPLIST_FILE = YES;
				MARKETING_VERSION = 1.0;
				PRODUCT_BUNDLE_IDENTIFIER = "com.yangeok.iCherri-iosUITests";
				PRODUCT_NAME = "$(TARGET_NAME)";
				SWIFT_EMIT_LOC_STRINGS = NO;
				SWIFT_VERSION = 5.0;
				TARGETED_DEVICE_FAMILY = "1,2";
				TEST_TARGET_NAME = "iCherri-ios";
			};
			name = Debug;
		};
		F1706BC52FC5DBEA00D3C6C7 /* Release */ = {
			isa = XCBuildConfiguration;
			buildSettings = {
				CODE_SIGN_STYLE = Automatic;
				CURRENT_PROJECT_VERSION = 1;
				DEVELOPMENT_TEAM = YT877V7NX4;
				GENERATE_INFOPLIST_FILE = YES;
				MARKETING_VERSION = 1.0;
				PRODUCT_BUNDLE_IDENTIFIER = "com.yangeok.iCherri-iosUITests";
				PRODUCT_NAME = "$(TARGET_NAME)";
				SWIFT_EMIT_LOC_STRINGS = NO;
				SWIFT_VERSION = 5.0;
				TARGETED_DEVICE_FAMILY = "1,2";
				TEST_TARGET_NAME = "iCherri-ios";
			};
			name = Release;
		};
/* End XCBuildConfiguration section */

/* Begin XCConfigurationList section */
		F1706B942FC5DBE900D3C6C7 /* Build configuration list for PBXProject "iCherri-ios" */ = {
			isa = XCConfigurationList;
			buildConfigurations = (
				F1706BBB2FC5DBEA00D3C6C7 /* Debug */,
				F1706BBC2FC5DBEA00D3C6C7 /* Release */,
			);
			defaultConfigurationIsVisible = 0;
			defaultConfigurationName = Release;
		};
		F1706BBD2FC5DBEA00D3C6C7 /* Build configuration list for PBXNativeTarget "iCherri-ios" */ = {
			isa = XCConfigurationList;
			buildConfigurations = (
				F1706BBE2FC5DBEA00D3C6C7 /* Debug */,
				F1706BBF2FC5DBEA00D3C6C7 /* Release */,
			);
			defaultConfigurationIsVisible = 0;
			defaultConfigurationName = Release;
		};
		F1706BC02FC5DBEA00D3C6C7 /* Build configuration list for PBXNativeTarget "iCherri-iosTests" */ = {
			isa = XCConfigurationList;
			buildConfigurations = (
				F1706BC12FC5DBEA00D3C6C7 /* Debug */,
				F1706BC22FC5DBEA00D3C6C7 /* Release */,
			);
			defaultConfigurationIsVisible = 0;
			defaultConfigurationName = Release;
		};
		F1706BC32FC5DBEA00D3C6C7 /* Build configuration list for PBXNativeTarget "iCherri-iosUITests" */ = {
			isa = XCConfigurationList;
			buildConfigurations = (
				F1706BC42FC5DBEA00D3C6C7 /* Debug */,
				F1706BC52FC5DBEA00D3C6C7 /* Release */,
			);
			defaultConfigurationIsVisible = 0;
			defaultConfigurationName = Release;
		};
/* End XCConfigurationList section */
	};
	rootObject = F1706B912FC5DBE900D3C6C7 /* Project object */;
}
